
Microsoft Visual Studio Solution File, Format Version 12.00
# Visual Studio Version 17
VisualStudioVersion = 17.13.35931.197 d17.13
MinimumVisualStudioVersion = 10.0.40219.1
Project("{FAE04EC0-301F-11D3-BF4B-00C04F79EFBC}") = "ElenilsonDescubraNumeroSequencia", "ElenilsonDescubraNumeroSequencia.csproj", "{F4274D15-AE41-4EB6-94B7-E86F95D18170}"
EndProject
Global
	GlobalSection(SolutionConfigurationPlatforms) = preSolution
		Debug|Any CPU = Debug|Any CPU
		Release|Any CPU = Release|Any CPU
	EndGlobalSection
	GlobalSection(ProjectConfigurationPlatforms) = postSolution
		{F4274D15-AE41-4EB6-94B7-E86F95D18170}.Debug|Any CPU.ActiveCfg = Debug|Any CPU
		{F4274D15-AE41-4EB6-94B7-E86F95D18170}.Debug|Any CPU.Build.0 = Debug|Any CPU
		{F4274D15-AE41-4EB6-94B7-E86F95D18170}.Release|Any CPU.ActiveCfg = Release|Any CPU
		{F4274D15-AE41-4EB6-94B7-E86F95D18170}.Release|Any CPU.Build.0 = Release|Any CPU
	EndGlobalSection
	GlobalSection(SolutionProperties) = preSolution
		HideSolutionNode = FALSE
	EndGlobalSection
	GlobalSection(ExtensibilityGlobals) = postSolution
		SolutionGuid = {8D87C858-4A00-43E3-A2EC-E80834E841A2}
	EndGlobalSection
EndGlobal
